{
  "name": "@totalsoft/tenant-configuration",
  "version": "1.0.6",
  "lockfileVersion": 1,
  "requires": true,
  "dependencies": {
    "@types/humps": {
      "version": "2.0.1",
      "resolved": "https://registry.npmjs.org/@types/humps/-/humps-2.0.1.tgz",
      "integrity": "sha512-cxIGJjiOQRl5s/KjqoTa0u39qKrVD3T6+6eGsERva0MLBp9AMVG8udKn9JZgVDe9zF0J9H4SRVzKILK6iZ9IZQ==",
      "dev": true
    },
    "@types/object-path": {
      "version": "0.11.1",
      "resolved": "https://registry.npmjs.org/@types/object-path/-/object-path-0.11.1.tgz",
      "integrity": "sha512-219LSCO9HPcoXcRTC6DbCs0FRhZgBnEMzf16RRqkT40WbkKx3mOeQuz3e2XqbfhOz/AHfbru0kzB1n1RCAsIIg==",
      "dev": true
    }
  }
}
